
Microsoft Visual Studio Solution File, Format Version 12.00
# Visual Studio Version 16
VisualStudioVersion = 16.0.32407.337
MinimumVisualStudioVersion = 10.0.40219.1
Project("{8BC9CEB8-8B4A-11D0-8D11-00A0C91BC942}") = "Win32_system_programming", "Win32_system_programming\Win32_system_programming.vcxproj", "{834B21BC-7883-41FB-9A20-5FC65C479610}"
EndProject
Project("{8BC9CEB8-8B4A-11D0-8D11-00A0C91BC942}") = "001.HelloWin", "001.HelloWin\001.HelloWin.vcxproj", "{BDCFAAB1-70BD-49B8-93E3-6E4ECDA4EAB6}"
EndProject
Project("{8BC9CEB8-8B4A-11D0-8D11-00A0C91BC942}") = "002.basic_string", "002.basic_string\002.basic_string.vcxproj", "{AA525C64-C585-430B-9FE1-49B69FC837E7}"
EndProject
Project("{8BC9CEB8-8B4A-11D0-8D11-00A0C91BC942}") = "003.another_basic_string", "003.another_basic_string\003.another_basic_string.vcxproj", "{8EA47889-D4BF-40DA-8893-A1A5822515C0}"
EndProject
Project("{8BC9CEB8-8B4A-11D0-8D11-00A0C91BC942}") = "004_safe_string", "004_safe_string\004_safe_string.vcxproj", "{98595BFF-9232-4C3E-B4DA-E9F473A82429}"
EndProject
Project("{8BC9CEB8-8B4A-11D0-8D11-00A0C91BC942}") = "005.strsafe", "005.strsafe\005.strsafe.vcxproj", "{74A46DB7-8A95-4548-9024-DB4E1D900120}"
EndProject
Project("{8BC9CEB8-8B4A-11D0-8D11-00A0C91BC942}") = "006.x64_macro", "006.x64_macro\006.x64_macro.vcxproj", "{E4D8E61E-45A8-4CC8-9E69-09E449530418}"
EndProject
Project("{8BC9CEB8-8B4A-11D0-8D11-00A0C91BC942}") = "007.error_handling", "007.error_handling\007.error_handling.vcxproj", "{B2F80DD7-0A6E-4ED4-A350-4AA5ED2FCF70}"
EndProject
Project("{8BC9CEB8-8B4A-11D0-8D11-00A0C91BC942}") = "008.get_windows_version", "008.get_windows_version\008.get_windows_version.vcxproj", "{8D5D459A-EEE2-48F0-86EE-50C15A4E1385}"
EndProject
Project("{8BC9CEB8-8B4A-11D0-8D11-00A0C91BC942}") = "009.foundation_exercises", "009.foundation_exercises\009.foundation_exercises.vcxproj", "{A31287AB-E790-43AF-89A4-EED06E79E695}"
EndProject
Project("{8BC9CEB8-8B4A-11D0-8D11-00A0C91BC942}") = "010.kernel_object_handle", "010.kernel_object_handle\010.kernel_object_handle.vcxproj", "{D1A72177-04D4-46E8-B077-7ED10C0E1C2C}"
EndProject
Project("{8BC9CEB8-8B4A-11D0-8D11-00A0C91BC942}") = "011.handles", "011.handles\011.handles.vcxproj", "{0A2BBB2D-EB45-4BBB-B617-FAE897611B6D}"
EndProject
Project("{8BC9CEB8-8B4A-11D0-8D11-00A0C91BC942}") = "012.RAII_handles", "012.RAII_handles\012.RAII_handles.vcxproj", "{463AA155-7B84-4A28-8DBA-E72A8104F6BB}"
EndProject
Global
	GlobalSection(SolutionConfigurationPlatforms) = preSolution
		Debug|x64 = Debug|x64
		Debug|x86 = Debug|x86
		Release|x64 = Release|x64
		Release|x86 = Release|x86
	EndGlobalSection
	GlobalSection(ProjectConfigurationPlatforms) = postSolution
		{834B21BC-7883-41FB-9A20-5FC65C479610}.Debug|x64.ActiveCfg = Debug|x64
		{834B21BC-7883-41FB-9A20-5FC65C479610}.Debug|x64.Build.0 = Debug|x64
		{834B21BC-7883-41FB-9A20-5FC65C479610}.Debug|x86.ActiveCfg = Debug|Win32
		{834B21BC-7883-41FB-9A20-5FC65C479610}.Debug|x86.Build.0 = Debug|Win32
		{834B21BC-7883-41FB-9A20-5FC65C479610}.Release|x64.ActiveCfg = Release|x64
		{834B21BC-7883-41FB-9A20-5FC65C479610}.Release|x64.Build.0 = Release|x64
		{834B21BC-7883-41FB-9A20-5FC65C479610}.Release|x86.ActiveCfg = Release|Win32
		{834B21BC-7883-41FB-9A20-5FC65C479610}.Release|x86.Build.0 = Release|Win32
		{BDCFAAB1-70BD-49B8-93E3-6E4ECDA4EAB6}.Debug|x64.ActiveCfg = Debug|x64
		{BDCFAAB1-70BD-49B8-93E3-6E4ECDA4EAB6}.Debug|x64.Build.0 = Debug|x64
		{BDCFAAB1-70BD-49B8-93E3-6E4ECDA4EAB6}.Debug|x86.ActiveCfg = Debug|Win32
		{BDCFAAB1-70BD-49B8-93E3-6E4ECDA4EAB6}.Debug|x86.Build.0 = Debug|Win32
		{BDCFAAB1-70BD-49B8-93E3-6E4ECDA4EAB6}.Release|x64.ActiveCfg = Release|x64
		{BDCFAAB1-70BD-49B8-93E3-6E4ECDA4EAB6}.Release|x64.Build.0 = Release|x64
		{BDCFAAB1-70BD-49B8-93E3-6E4ECDA4EAB6}.Release|x86.ActiveCfg = Release|Win32
		{BDCFAAB1-70BD-49B8-93E3-6E4ECDA4EAB6}.Release|x86.Build.0 = Release|Win32
		{AA525C64-C585-430B-9FE1-49B69FC837E7}.Debug|x64.ActiveCfg = Debug|x64
		{AA525C64-C585-430B-9FE1-49B69FC837E7}.Debug|x64.Build.0 = Debug|x64
		{AA525C64-C585-430B-9FE1-49B69FC837E7}.Debug|x86.ActiveCfg = Debug|Win32
		{AA525C64-C585-430B-9FE1-49B69FC837E7}.Debug|x86.Build.0 = Debug|Win32
		{AA525C64-C585-430B-9FE1-49B69FC837E7}.Release|x64.ActiveCfg = Release|x64
		{AA525C64-C585-430B-9FE1-49B69FC837E7}.Release|x64.Build.0 = Release|x64
		{AA525C64-C585-430B-9FE1-49B69FC837E7}.Release|x86.ActiveCfg = Release|Win32
		{AA525C64-C585-430B-9FE1-49B69FC837E7}.Release|x86.Build.0 = Release|Win32
		{8EA47889-D4BF-40DA-8893-A1A5822515C0}.Debug|x64.ActiveCfg = Debug|x64
		{8EA47889-D4BF-40DA-8893-A1A5822515C0}.Debug|x64.Build.0 = Debug|x64
		{8EA47889-D4BF-40DA-8893-A1A5822515C0}.Debug|x86.ActiveCfg = Debug|Win32
		{8EA47889-D4BF-40DA-8893-A1A5822515C0}.Debug|x86.Build.0 = Debug|Win32
		{8EA47889-D4BF-40DA-8893-A1A5822515C0}.Release|x64.ActiveCfg = Release|x64
		{8EA47889-D4BF-40DA-8893-A1A5822515C0}.Release|x64.Build.0 = Release|x64
		{8EA47889-D4BF-40DA-8893-A1A5822515C0}.Release|x86.ActiveCfg = Release|Win32
		{8EA47889-D4BF-40DA-8893-A1A5822515C0}.Release|x86.Build.0 = Release|Win32
		{98595BFF-9232-4C3E-B4DA-E9F473A82429}.Debug|x64.ActiveCfg = Debug|x64
		{98595BFF-9232-4C3E-B4DA-E9F473A82429}.Debug|x64.Build.0 = Debug|x64
		{98595BFF-9232-4C3E-B4DA-E9F473A82429}.Debug|x86.ActiveCfg = Debug|Win32
		{98595BFF-9232-4C3E-B4DA-E9F473A82429}.Debug|x86.Build.0 = Debug|Win32
		{98595BFF-9232-4C3E-B4DA-E9F473A82429}.Release|x64.ActiveCfg = Release|x64
		{98595BFF-9232-4C3E-B4DA-E9F473A82429}.Release|x64.Build.0 = Release|x64
		{98595BFF-9232-4C3E-B4DA-E9F473A82429}.Release|x86.ActiveCfg = Release|Win32
		{98595BFF-9232-4C3E-B4DA-E9F473A82429}.Release|x86.Build.0 = Release|Win32
		{74A46DB7-8A95-4548-9024-DB4E1D900120}.Debug|x64.ActiveCfg = Debug|x64
		{74A46DB7-8A95-4548-9024-DB4E1D900120}.Debug|x64.Build.0 = Debug|x64
		{74A46DB7-8A95-4548-9024-DB4E1D900120}.Debug|x86.ActiveCfg = Debug|Win32
		{74A46DB7-8A95-4548-9024-DB4E1D900120}.Debug|x86.Build.0 = Debug|Win32
		{74A46DB7-8A95-4548-9024-DB4E1D900120}.Release|x64.ActiveCfg = Release|x64
		{74A46DB7-8A95-4548-9024-DB4E1D900120}.Release|x64.Build.0 = Release|x64
		{74A46DB7-8A95-4548-9024-DB4E1D900120}.Release|x86.ActiveCfg = Release|Win32
		{74A46DB7-8A95-4548-9024-DB4E1D900120}.Release|x86.Build.0 = Release|Win32
		{E4D8E61E-45A8-4CC8-9E69-09E449530418}.Debug|x64.ActiveCfg = Debug|x64
		{E4D8E61E-45A8-4CC8-9E69-09E449530418}.Debug|x64.Build.0 = Debug|x64
		{E4D8E61E-45A8-4CC8-9E69-09E449530418}.Debug|x86.ActiveCfg = Debug|Win32
		{E4D8E61E-45A8-4CC8-9E69-09E449530418}.Debug|x86.Build.0 = Debug|Win32
		{E4D8E61E-45A8-4CC8-9E69-09E449530418}.Release|x64.ActiveCfg = Release|x64
		{E4D8E61E-45A8-4CC8-9E69-09E449530418}.Release|x64.Build.0 = Release|x64
		{E4D8E61E-45A8-4CC8-9E69-09E449530418}.Release|x86.ActiveCfg = Release|Win32
		{E4D8E61E-45A8-4CC8-9E69-09E449530418}.Release|x86.Build.0 = Release|Win32
		{B2F80DD7-0A6E-4ED4-A350-4AA5ED2FCF70}.Debug|x64.ActiveCfg = Debug|x64
		{B2F80DD7-0A6E-4ED4-A350-4AA5ED2FCF70}.Debug|x64.Build.0 = Debug|x64
		{B2F80DD7-0A6E-4ED4-A350-4AA5ED2FCF70}.Debug|x86.ActiveCfg = Debug|Win32
		{B2F80DD7-0A6E-4ED4-A350-4AA5ED2FCF70}.Debug|x86.Build.0 = Debug|Win32
		{B2F80DD7-0A6E-4ED4-A350-4AA5ED2FCF70}.Release|x64.ActiveCfg = Release|x64
		{B2F80DD7-0A6E-4ED4-A350-4AA5ED2FCF70}.Release|x64.Build.0 = Release|x64
		{B2F80DD7-0A6E-4ED4-A350-4AA5ED2FCF70}.Release|x86.ActiveCfg = Release|Win32
		{B2F80DD7-0A6E-4ED4-A350-4AA5ED2FCF70}.Release|x86.Build.0 = Release|Win32
		{8D5D459A-EEE2-48F0-86EE-50C15A4E1385}.Debug|x64.ActiveCfg = Debug|x64
		{8D5D459A-EEE2-48F0-86EE-50C15A4E1385}.Debug|x64.Build.0 = Debug|x64
		{8D5D459A-EEE2-48F0-86EE-50C15A4E1385}.Debug|x86.ActiveCfg = Debug|Win32
		{8D5D459A-EEE2-48F0-86EE-50C15A4E1385}.Debug|x86.Build.0 = Debug|Win32
		{8D5D459A-EEE2-48F0-86EE-50C15A4E1385}.Release|x64.ActiveCfg = Release|x64
		{8D5D459A-EEE2-48F0-86EE-50C15A4E1385}.Release|x64.Build.0 = Release|x64
		{8D5D459A-EEE2-48F0-86EE-50C15A4E1385}.Release|x86.ActiveCfg = Release|Win32
		{8D5D459A-EEE2-48F0-86EE-50C15A4E1385}.Release|x86.Build.0 = Release|Win32
		{A31287AB-E790-43AF-89A4-EED06E79E695}.Debug|x64.ActiveCfg = Debug|x64
		{A31287AB-E790-43AF-89A4-EED06E79E695}.Debug|x64.Build.0 = Debug|x64
		{A31287AB-E790-43AF-89A4-EED06E79E695}.Debug|x86.ActiveCfg = Debug|Win32
		{A31287AB-E790-43AF-89A4-EED06E79E695}.Debug|x86.Build.0 = Debug|Win32
		{A31287AB-E790-43AF-89A4-EED06E79E695}.Release|x64.ActiveCfg = Release|x64
		{A31287AB-E790-43AF-89A4-EED06E79E695}.Release|x64.Build.0 = Release|x64
		{A31287AB-E790-43AF-89A4-EED06E79E695}.Release|x86.ActiveCfg = Release|Win32
		{A31287AB-E790-43AF-89A4-EED06E79E695}.Release|x86.Build.0 = Release|Win32
		{D1A72177-04D4-46E8-B077-7ED10C0E1C2C}.Debug|x64.ActiveCfg = Debug|x64
		{D1A72177-04D4-46E8-B077-7ED10C0E1C2C}.Debug|x64.Build.0 = Debug|x64
		{D1A72177-04D4-46E8-B077-7ED10C0E1C2C}.Debug|x86.ActiveCfg = Debug|Win32
		{D1A72177-04D4-46E8-B077-7ED10C0E1C2C}.Debug|x86.Build.0 = Debug|Win32
		{D1A72177-04D4-46E8-B077-7ED10C0E1C2C}.Release|x64.ActiveCfg = Release|x64
		{D1A72177-04D4-46E8-B077-7ED10C0E1C2C}.Release|x64.Build.0 = Release|x64
		{D1A72177-04D4-46E8-B077-7ED10C0E1C2C}.Release|x86.ActiveCfg = Release|Win32
		{D1A72177-04D4-46E8-B077-7ED10C0E1C2C}.Release|x86.Build.0 = Release|Win32
		{0A2BBB2D-EB45-4BBB-B617-FAE897611B6D}.Debug|x64.ActiveCfg = Debug|x64
		{0A2BBB2D-EB45-4BBB-B617-FAE897611B6D}.Debug|x64.Build.0 = Debug|x64
		{0A2BBB2D-EB45-4BBB-B617-FAE897611B6D}.Debug|x86.ActiveCfg = Debug|Win32
		{0A2BBB2D-EB45-4BBB-B617-FAE897611B6D}.Debug|x86.Build.0 = Debug|Win32
		{0A2BBB2D-EB45-4BBB-B617-FAE897611B6D}.Release|x64.ActiveCfg = Release|x64
		{0A2BBB2D-EB45-4BBB-B617-FAE897611B6D}.Release|x64.Build.0 = Release|x64
		{0A2BBB2D-EB45-4BBB-B617-FAE897611B6D}.Release|x86.ActiveCfg = Release|Win32
		{0A2BBB2D-EB45-4BBB-B617-FAE897611B6D}.Release|x86.Build.0 = Release|Win32
		{463AA155-7B84-4A28-8DBA-E72A8104F6BB}.Debug|x64.ActiveCfg = Debug|x64
		{463AA155-7B84-4A28-8DBA-E72A8104F6BB}.Debug|x64.Build.0 = Debug|x64
		{463AA155-7B84-4A28-8DBA-E72A8104F6BB}.Debug|x86.ActiveCfg = Debug|Win32
		{463AA155-7B84-4A28-8DBA-E72A8104F6BB}.Debug|x86.Build.0 = Debug|Win32
		{463AA155-7B84-4A28-8DBA-E72A8104F6BB}.Release|x64.ActiveCfg = Release|x64
		{463AA155-7B84-4A28-8DBA-E72A8104F6BB}.Release|x64.Build.0 = Release|x64
		{463AA155-7B84-4A28-8DBA-E72A8104F6BB}.Release|x86.ActiveCfg = Release|Win32
		{463AA155-7B84-4A28-8DBA-E72A8104F6BB}.Release|x86.Build.0 = Release|Win32
	EndGlobalSection
	GlobalSection(SolutionProperties) = preSolution
		HideSolutionNode = FALSE
	EndGlobalSection
	GlobalSection(ExtensibilityGlobals) = postSolution
		SolutionGuid = {AA2A154F-38FF-4FC9-B94C-AAEBBA8677B1}
	EndGlobalSection
EndGlobal
